
Microsoft Visual Studio Solution File, Format Version 12.00
# Visual Studio Version 16
VisualStudioVersion = 16.0.29409.12
MinimumVisualStudioVersion = 10.0.40219.1
Project("{8BC9CEB8-8B4A-11D0-8D11-00A0C91BC942}") = "C_complier", "C_complier\C_complier.vcxproj", "{C621ED13-FA5B-40CA-BCAF-9C2268697B4B}"
EndProject
Global
	GlobalSection(SolutionConfigurationPlatforms) = preSolution
		Debug|x64 = Debug|x64
		Debug|x86 = Debug|x86
		Release|x64 = Release|x64
		Release|x86 = Release|x86
	EndGlobalSection
	GlobalSection(ProjectConfigurationPlatforms) = postSolution
		{C621ED13-FA5B-40CA-BCAF-9C2268697B4B}.Debug|x64.ActiveCfg = Debug|x64
		{C621ED13-FA5B-40CA-BCAF-9C2268697B4B}.Debug|x64.Build.0 = Debug|x64
		{C621ED13-FA5B-40CA-BCAF-9C2268697B4B}.Debug|x86.ActiveCfg = Debug|Win32
		{C621ED13-FA5B-40CA-BCAF-9C2268697B4B}.Debug|x86.Build.0 = Debug|Win32
		{C621ED13-FA5B-40CA-BCAF-9C2268697B4B}.Release|x64.ActiveCfg = Release|x64
		{C621ED13-FA5B-40CA-BCAF-9C2268697B4B}.Release|x64.Build.0 = Release|x64
		{C621ED13-FA5B-40CA-BCAF-9C2268697B4B}.Release|x86.ActiveCfg = Release|Win32
		{C621ED13-FA5B-40CA-BCAF-9C2268697B4B}.Release|x86.Build.0 = Release|Win32
	EndGlobalSection
	GlobalSection(SolutionProperties) = preSolution
		HideSolutionNode = FALSE
	EndGlobalSection
	GlobalSection(ExtensibilityGlobals) = postSolution
		SolutionGuid = {80CE1BE6-8E50-4AD1-8929-5A13DC184947}
	EndGlobalSection
EndGlobal
